
Microsoft Visual Studio Solution File, Format Version 12.00
# Visual Studio Version 17
VisualStudioVersion = 17.14.36414.22
MinimumVisualStudioVersion = 10.0.40219.1
Project("{54A90642-561A-4BB1-A94E-469ADEE60C69}") = "entregador_drone.client", "entregador_drone.client\entregador_drone.client.esproj", "{DF6747FB-6E3D-04EB-9C5E-C625379BDA20}"
EndProject
Project("{FAE04EC0-301F-11D3-BF4B-00C04F79EFBC}") = "Entregador_Drone.Server", "Entregador_Drone.Server\Entregador_Drone.Server.csproj", "{1AE788B6-F2AD-43A0-88A9-B8061299CFC2}"
EndProject
Global
	GlobalSection(SolutionConfigurationPlatforms) = preSolution
		Debug|Any CPU = Debug|Any CPU
		Release|Any CPU = Release|Any CPU
	EndGlobalSection
	GlobalSection(ProjectConfigurationPlatforms) = postSolution
		{DF6747FB-6E3D-04EB-9C5E-C625379BDA20}.Debug|Any CPU.ActiveCfg = Debug|Any CPU
		{DF6747FB-6E3D-04EB-9C5E-C625379BDA20}.Debug|Any CPU.Build.0 = Debug|Any CPU
		{DF6747FB-6E3D-04EB-9C5E-C625379BDA20}.Debug|Any CPU.Deploy.0 = Debug|Any CPU
		{DF6747FB-6E3D-04EB-9C5E-C625379BDA20}.Release|Any CPU.ActiveCfg = Release|Any CPU
		{DF6747FB-6E3D-04EB-9C5E-C625379BDA20}.Release|Any CPU.Build.0 = Release|Any CPU
		{DF6747FB-6E3D-04EB-9C5E-C625379BDA20}.Release|Any CPU.Deploy.0 = Release|Any CPU
		{1AE788B6-F2AD-43A0-88A9-B8061299CFC2}.Debug|Any CPU.ActiveCfg = Debug|Any CPU
		{1AE788B6-F2AD-43A0-88A9-B8061299CFC2}.Debug|Any CPU.Build.0 = Debug|Any CPU
		{1AE788B6-F2AD-43A0-88A9-B8061299CFC2}.Release|Any CPU.ActiveCfg = Release|Any CPU
		{1AE788B6-F2AD-43A0-88A9-B8061299CFC2}.Release|Any CPU.Build.0 = Release|Any CPU
	EndGlobalSection
	GlobalSection(SolutionProperties) = preSolution
		HideSolutionNode = FALSE
	EndGlobalSection
	GlobalSection(ExtensibilityGlobals) = postSolution
		SolutionGuid = {F668D435-BF2E-4EF5-89AE-10139ABCB816}
	EndGlobalSection
EndGlobal
